{
  "projects": [
    {
      "projectId": "ajhCivTh5EqndHPuriRTWz",
      "version": "latest",
      "dependencies": {},
      "lang": "js",
      "fileLocks": [
        {
          "type": "globalVariant",
          "assetId": "3_e952DoCYh3",
          "checksum": "d55f374f19e2633b1e6470c1e0bbfbb0"
        },
        {
          "assetId": "ajhCivTh5EqndHPuriRTWz",
          "type": "projectCss",
          "checksum": "1527fadc0fd3c6575cca33d399af1ab7"
        },
        {
          "type": "renderModule",
          "assetId": "5FMOhlfEYvmi",
          "checksum": "beca886a858be8da857b1c59469bb0c0"
        },
        {
          "type": "cssRules",
          "assetId": "5FMOhlfEYvmi",
          "checksum": "beca886a858be8da857b1c59469bb0c0"
        },
        {
          "type": "renderModule",
          "assetId": "4qAucjeu1cAD",
          "checksum": "8045998e4e146a47c743f5f2176622b9"
        },
        {
          "type": "cssRules",
          "assetId": "4qAucjeu1cAD",
          "checksum": "8045998e4e146a47c743f5f2176622b9"
        },
        {
          "type": "renderModule",
          "assetId": "Co67cSY-2KRJ",
          "checksum": "1b29497c347746c394feb46f572ee5db"
        },
        {
          "type": "cssRules",
          "assetId": "Co67cSY-2KRJ",
          "checksum": "1b29497c347746c394feb46f572ee5db"
        },
        {
          "type": "renderModule",
          "assetId": "KtIqCA3kWXKA",
          "checksum": "f0dfb800570177d733f89d2f65cf73cc"
        },
        {
          "type": "cssRules",
          "assetId": "KtIqCA3kWXKA",
          "checksum": "f0dfb800570177d733f89d2f65cf73cc"
        },
        {
          "type": "renderModule",
          "assetId": "S6Wqfi01Y7Bc",
          "checksum": "5812c167cf156dd09dbea08522ca22ac"
        },
        {
          "type": "cssRules",
          "assetId": "S6Wqfi01Y7Bc",
          "checksum": "5812c167cf156dd09dbea08522ca22ac"
        },
        {
          "type": "renderModule",
          "assetId": "MFstalk2SF4-",
          "checksum": "93c9bc827a47d69685bcfabead2970e5"
        },
        {
          "type": "cssRules",
          "assetId": "MFstalk2SF4-",
          "checksum": "93c9bc827a47d69685bcfabead2970e5"
        },
        {
          "type": "renderModule",
          "assetId": "oHwEuPjwJkpq",
          "checksum": "ad1301695137db8b744d422db0912e03"
        },
        {
          "type": "cssRules",
          "assetId": "oHwEuPjwJkpq",
          "checksum": "ad1301695137db8b744d422db0912e03"
        },
        {
          "type": "renderModule",
          "assetId": "ado45SbVfEqi",
          "checksum": "ac2bc16ab39518bbd0379ba1a8cfd979"
        },
        {
          "type": "cssRules",
          "assetId": "ado45SbVfEqi",
          "checksum": "ac2bc16ab39518bbd0379ba1a8cfd979"
        },
        {
          "type": "renderModule",
          "assetId": "mWhqgZH-9w5v",
          "checksum": "f79b85d3a68da2fdc6e36ec6f019bac1"
        },
        {
          "type": "cssRules",
          "assetId": "mWhqgZH-9w5v",
          "checksum": "f79b85d3a68da2fdc6e36ec6f019bac1"
        },
        {
          "type": "renderModule",
          "assetId": "VTX27BUXzAtl",
          "checksum": "ac9c3aaffbeb915f90f3d4c7050b53b3"
        },
        {
          "type": "cssRules",
          "assetId": "VTX27BUXzAtl",
          "checksum": "ac9c3aaffbeb915f90f3d4c7050b53b3"
        },
        {
          "type": "renderModule",
          "assetId": "5q3VtuV01uaq",
          "checksum": "0a6d838a1f08d53ea4082a8c582ce5a7"
        },
        {
          "type": "cssRules",
          "assetId": "5q3VtuV01uaq",
          "checksum": "0a6d838a1f08d53ea4082a8c582ce5a7"
        },
        {
          "type": "icon",
          "assetId": "cUuEluVtrQNX",
          "checksum": "1d2a1d0bad8552ec4d006e9ac9991684"
        },
        {
          "type": "icon",
          "assetId": "t59Mkz_PTakS",
          "checksum": "3c43b17f1d0cb04baf19fbebb804badd"
        },
        {
          "type": "icon",
          "assetId": "f6U57nf-FQw_",
          "checksum": "1d0c24757abede351df4f8b995a2298c"
        },
        {
          "type": "icon",
          "assetId": "7E3FUndP-QqX",
          "checksum": "be190ff8a6cf803a09f3384a5e3e44cc"
        },
        {
          "type": "icon",
          "assetId": "4TThOMLJ45_Q",
          "checksum": "3f072ee94c3e8dfcae1e69b2d44282a7"
        },
        {
          "type": "icon",
          "assetId": "qot8YaKnHWx5",
          "checksum": "dfcabfaaf45c12f78a497afbe952b7c5"
        },
        {
          "type": "icon",
          "assetId": "I1gsw4WjfG9r",
          "checksum": "a2ae6c15be0eb0bee8e1f8a55fdc4ffb"
        },
        {
          "type": "icon",
          "assetId": "HxrdBCuReH5J",
          "checksum": "cf9dce943068c824e25aca338148d7e2"
        },
        {
          "type": "icon",
          "assetId": "YXyDPFndbEt1",
          "checksum": "3189ce51b6eb47842aea5787da0ed6aa"
        },
        {
          "type": "icon",
          "assetId": "VED9vIt0Blua",
          "checksum": "8fe0100ed71b9611c7443ae50337a8b3"
        },
        {
          "type": "icon",
          "assetId": "QuQrS76CNN9h",
          "checksum": "c552e7f5c98e8749c25d5e931c2e6aff"
        },
        {
          "type": "icon",
          "assetId": "P6sKLCpgiDAA",
          "checksum": "a190039d703b162a264320d9a8d3ee1e"
        },
        {
          "type": "icon",
          "assetId": "aZA8iw3koaQT",
          "checksum": "d1e76d36272d5893b53fd75c6771b3de"
        },
        {
          "type": "icon",
          "assetId": "Fjqg2pnQF8v2",
          "checksum": "8076d570fdfb33f2d59076cec9738f73"
        },
        {
          "type": "icon",
          "assetId": "nWMK8my1ND9g",
          "checksum": "0129bfe75c8d0bad90db4acf8de3fe48"
        },
        {
          "type": "icon",
          "assetId": "oc227pQzuKa8",
          "checksum": "28c2268e219f40ce00a15e9be74feeff"
        },
        {
          "type": "icon",
          "assetId": "A25pE89Fz5IP",
          "checksum": "eebf895575da2584e648772406f3c7f5"
        },
        {
          "type": "icon",
          "assetId": "rX9J4q73SOkJ",
          "checksum": "264af9d631fb84f0f0e575e8388fcbd7"
        },
        {
          "type": "icon",
          "assetId": "CVZB-k0Psnyy",
          "checksum": "4f3c05be443c808281fd0d53bdfd84f3"
        },
        {
          "type": "icon",
          "assetId": "x_vmS0It_J0g",
          "checksum": "95b4bbab1faa8afd75b3257019bf5be3"
        },
        {
          "type": "icon",
          "assetId": "iZDnzE_kylV4",
          "checksum": "02fe4a6647b3befeadc18548d1bf9d95"
        },
        {
          "type": "icon",
          "assetId": "LL1ZtCvPvH0c",
          "checksum": "55a4e244d44efc6b1c673ddefc844fde"
        },
        {
          "type": "icon",
          "assetId": "wiPa5Z2XuGXq",
          "checksum": "821e677ce2ee655b89b49052a66bea32"
        },
        {
          "type": "icon",
          "assetId": "aNfQP26WzT0z",
          "checksum": "a0eb286ea46a94ded785d6ab5b998877"
        },
        {
          "type": "icon",
          "assetId": "T3GpWLbYVqI9",
          "checksum": "62e1d8fd389d4cc2c1705bb0fb62b925"
        },
        {
          "type": "icon",
          "assetId": "sE7HK6dqz3ym",
          "checksum": "9d6d46b448f6449fdb13eff44b01c6d9"
        },
        {
          "type": "icon",
          "assetId": "oUdbwmsZUmM9",
          "checksum": "9c0b55bf84b5f5a5396ad4c5d52bfe00"
        },
        {
          "type": "icon",
          "assetId": "8ICEw6I79DsC",
          "checksum": "bcb8e7ab2001ccd1044d4f8b9ba75880"
        },
        {
          "type": "icon",
          "assetId": "6FED3e7agg1r",
          "checksum": "e6e9045e543bf284f02cc7305ce4c1cb"
        },
        {
          "type": "icon",
          "assetId": "o33pquZE4Kpf",
          "checksum": "02b112360544e742156af3eee031e557"
        },
        {
          "type": "icon",
          "assetId": "FIT4y5XhJkBb",
          "checksum": "f9bd7ddce7ec2dab3e3ef587a59be341"
        },
        {
          "type": "icon",
          "assetId": "IkpI3V_yfelC",
          "checksum": "6c2dd84e7e0a8706c3df59d2d8be2890"
        },
        {
          "type": "icon",
          "assetId": "Ggw54D6Ne4Mg",
          "checksum": "e97d4739c3a41cb6e5a3512e99db01b1"
        },
        {
          "type": "icon",
          "assetId": "EhBJT864NWib",
          "checksum": "cfb52cf2235b729eb95c57c96615cb6e"
        },
        {
          "type": "icon",
          "assetId": "HRy9f8K8aHUl",
          "checksum": "9f12dd24f9837d7497e3b9ed71f3db02"
        },
        {
          "type": "icon",
          "assetId": "b_2wQd1UmLiE",
          "checksum": "11cae18517cb9f5ea70d4d4f090474c0"
        },
        {
          "type": "icon",
          "assetId": "0Z7CVLIt-Ytt",
          "checksum": "24109303c6535c410f2bd2eccbfae393"
        },
        {
          "type": "icon",
          "assetId": "C8H4VKrbP4FG",
          "checksum": "3b7e0f6d87bb00bef117f2d56a836729"
        },
        {
          "type": "icon",
          "assetId": "vpctran7_757",
          "checksum": "fcdd41debdd9d75a4b3dd15ceb27fd36"
        },
        {
          "type": "image",
          "assetId": "ZtZpj4lj9Hsc",
          "checksum": "b620783fe0db4c25808b40de0296bebe"
        },
        {
          "type": "image",
          "assetId": "wCKcKv_e31iI",
          "checksum": "00ddad4c7f5dd39f6dca5434ec56a5c7"
        },
        {
          "type": "image",
          "assetId": "4CNx_nX4PBYU",
          "checksum": "35481d4f62b20516514c4c7867eca260"
        },
        {
          "type": "image",
          "assetId": "-rZ_vkRHfm-N",
          "checksum": "a3f1a3946c1d5a6dc2985962c7e0fbea"
        },
        {
          "type": "image",
          "assetId": "xNFJSD3vmP5W",
          "checksum": "3da5567eb5f898abdb799cdffb9dad06"
        },
        {
          "type": "image",
          "assetId": "3V2RWO0db3th",
          "checksum": "bdb368f67c224325ca1f5c37381c9baa"
        },
        {
          "type": "image",
          "assetId": "8fy4GRlCEy8l",
          "checksum": "7cca1f138388e547922b34e5b03460dd"
        },
        {
          "type": "image",
          "assetId": "ct4h3xw0zuYh",
          "checksum": "28f6000944c37a3e0e49b10ee20592bb"
        },
        {
          "type": "image",
          "assetId": "sEDsXFvFns1T",
          "checksum": "2029ef5a1e3da5cdc475d44a9c5858e0"
        },
        {
          "type": "image",
          "assetId": "0EwRGsouwq0L",
          "checksum": "2093b7b375e7f0b7a4c6f02c73ce5080"
        },
        {
          "type": "image",
          "assetId": "resk-bFZ-fxx",
          "checksum": "bbef4d45033ce7350b02b14a2eabde11"
        },
        {
          "type": "image",
          "assetId": "iALVaC-udSwf",
          "checksum": "e6edcf398f4ff9b6e94486be3a35f0a2"
        },
        {
          "type": "image",
          "assetId": "fMwjFcIKjcCO",
          "checksum": "47c6b3c1013ef877c2d4bb842cba77c4"
        },
        {
          "type": "image",
          "assetId": "5uqoOIdo0CxL",
          "checksum": "576738c1b510ff38c7cfcf7e252fd03f"
        },
        {
          "type": "image",
          "assetId": "97lvKdReWXQ5",
          "checksum": "e712420e2082c8df2a42f84c4992a5fc"
        },
        {
          "type": "image",
          "assetId": "PatyBmgHRpbu",
          "checksum": "327df917e0d617fb4fdec2e344df07a3"
        },
        {
          "type": "image",
          "assetId": "U-QjKoLHSyFd",
          "checksum": "7d0528673f9fcc9c8156dc765d71a1bb"
        },
        {
          "type": "image",
          "assetId": "tqRtedHC-lvi",
          "checksum": "a57cfe44549f5defd427d1d17bfe5460"
        },
        {
          "type": "image",
          "assetId": "6abFOKuEhE9M",
          "checksum": "2e0fc89613f6e0434dbbc4b5845d364f"
        },
        {
          "type": "image",
          "assetId": "v418myw93ckE",
          "checksum": "59ceffdf1cceed3726ddbc5c4cb1ef73"
        },
        {
          "type": "image",
          "assetId": "LYz8OhNNPfoH",
          "checksum": "694732b853513317ed23341e5754827a"
        },
        {
          "type": "image",
          "assetId": "yHLXJtqGo83t",
          "checksum": "fd8bbcf4172ee56cff526b6fa4a05b73"
        },
        {
          "type": "image",
          "assetId": "UdkDtcWxXEfF",
          "checksum": "ec395ae724688aa8de1ca144ed4723a0"
        },
        {
          "type": "image",
          "assetId": "7pkwBbCM6701",
          "checksum": "ac950f082c1c13e06eb27166e716a8df"
        },
        {
          "type": "image",
          "assetId": "dNnTJxo-46Ig",
          "checksum": "5fc55ce08e2da61efd8f846445a96709"
        },
        {
          "type": "image",
          "assetId": "-C0eNgu_0422",
          "checksum": "daa94bf66c3805c6f2ccf022c6936540"
        },
        {
          "type": "image",
          "assetId": "FhkWrxZEWyKs",
          "checksum": "936adb4e1bc8b876ae6992f4c0ece1cb"
        },
        {
          "type": "image",
          "assetId": "R9_-Sy4JqhzJ",
          "checksum": "fa1a3d9b30ca95e461e102ad3451189e"
        },
        {
          "type": "image",
          "assetId": "HSmbmoA5SSIm",
          "checksum": "184f5bfdf3f10ebb53c27a511c1e153e"
        },
        {
          "type": "image",
          "assetId": "evq1jOg9GtGk",
          "checksum": "159962494a0d6eb381f9367e3db6f4c9"
        },
        {
          "type": "image",
          "assetId": "d-LL7Uo7k0xL",
          "checksum": "9d31d2e6083831c90e66f21a438eb3bd"
        },
        {
          "type": "image",
          "assetId": "EesaLZ3JUSng",
          "checksum": "8531591a1ac9a0c28d172162e3fac8d6"
        }
      ]
    }
  ],
  "cliVersion": "0.1.167"
}
